
Microsoft Visual Studio Solution File, Format Version 12.00
# Visual Studio Version 17
VisualStudioVersion = 17.0.31903.59
MinimumVisualStudioVersion = 10.0.40219.1
Project("{2150E333-8FDC-42A3-9474-1A3956D46DE8}") = "src", "src", "{827E0CD3-B72D-47B6-A68D-7590B98EB39B}"
EndProject
Project("{2150E333-8FDC-42A3-9474-1A3956D46DE8}") = "Core", "Core", "{8D626EA8-CB54-BC41-363A-217881BEBA6E}"
EndProject
Project("{FAE04EC0-301F-11D3-BF4B-00C04F79EFBC}") = "CrmCep.Domain", "src\Core\CrmCep.Domain\CrmCep.Domain.csproj", "{41EEAC9D-097A-4933-83FB-BEDF84F03DDB}"
EndProject
Project("{FAE04EC0-301F-11D3-BF4B-00C04F79EFBC}") = "CrmCep.Application", "src\Core\CrmCep.Application\CrmCep.Application.csproj", "{E2748E2C-A3DD-43E1-82D7-AD18E70157F6}"
EndProject
Project("{FAE04EC0-301F-11D3-BF4B-00C04F79EFBC}") = "CrmCep.Infrastructure", "src\Infrastructure\CrmCep.Infrastructure\CrmCep.Infrastructure.csproj", "{DF1BE8DA-3894-43DE-9A0E-48DF8E069DC0}"
EndProject
Project("{FAE04EC0-301F-11D3-BF4B-00C04F79EFBC}") = "CrmCep.WebApi", "src\Presentation\CrmCep.WebApi\CrmCep.WebApi.csproj", "{DEB94AC0-A00F-4877-91E1-0387C5D9AEC6}"
EndProject
Project("{FAE04EC0-301F-11D3-BF4B-00C04F79EFBC}") = "CrmCep.BlazorUI", "src\Presentation\CrmCep.BlazorUI\CrmCep.BlazorUI.csproj", "{CEBB5CF9-BEEC-440A-877B-9C5604A502ED}"
EndProject
Global
	GlobalSection(SolutionConfigurationPlatforms) = preSolution
		Debug|Any CPU = Debug|Any CPU
		Debug|x64 = Debug|x64
		Debug|x86 = Debug|x86
		Release|Any CPU = Release|Any CPU
		Release|x64 = Release|x64
		Release|x86 = Release|x86
	EndGlobalSection
	GlobalSection(ProjectConfigurationPlatforms) = postSolution
		{41EEAC9D-097A-4933-83FB-BEDF84F03DDB}.Debug|Any CPU.ActiveCfg = Debug|Any CPU
		{41EEAC9D-097A-4933-83FB-BEDF84F03DDB}.Debug|Any CPU.Build.0 = Debug|Any CPU
		{41EEAC9D-097A-4933-83FB-BEDF84F03DDB}.Debug|x64.ActiveCfg = Debug|Any CPU
		{41EEAC9D-097A-4933-83FB-BEDF84F03DDB}.Debug|x64.Build.0 = Debug|Any CPU
		{41EEAC9D-097A-4933-83FB-BEDF84F03DDB}.Debug|x86.ActiveCfg = Debug|Any CPU
		{41EEAC9D-097A-4933-83FB-BEDF84F03DDB}.Debug|x86.Build.0 = Debug|Any CPU
		{41EEAC9D-097A-4933-83FB-BEDF84F03DDB}.Release|Any CPU.ActiveCfg = Release|Any CPU
		{41EEAC9D-097A-4933-83FB-BEDF84F03DDB}.Release|Any CPU.Build.0 = Release|Any CPU
		{41EEAC9D-097A-4933-83FB-BEDF84F03DDB}.Release|x64.ActiveCfg = Release|Any CPU
		{41EEAC9D-097A-4933-83FB-BEDF84F03DDB}.Release|x64.Build.0 = Release|Any CPU
		{41EEAC9D-097A-4933-83FB-BEDF84F03DDB}.Release|x86.ActiveCfg = Release|Any CPU
		{41EEAC9D-097A-4933-83FB-BEDF84F03DDB}.Release|x86.Build.0 = Release|Any CPU
		{E2748E2C-A3DD-43E1-82D7-AD18E70157F6}.Debug|Any CPU.ActiveCfg = Debug|Any CPU
		{E2748E2C-A3DD-43E1-82D7-AD18E70157F6}.Debug|Any CPU.Build.0 = Debug|Any CPU
		{E2748E2C-A3DD-43E1-82D7-AD18E70157F6}.Debug|x64.ActiveCfg = Debug|Any CPU
		{E2748E2C-A3DD-43E1-82D7-AD18E70157F6}.Debug|x64.Build.0 = Debug|Any CPU
		{E2748E2C-A3DD-43E1-82D7-AD18E70157F6}.Debug|x86.ActiveCfg = Debug|Any CPU
		{E2748E2C-A3DD-43E1-82D7-AD18E70157F6}.Debug|x86.Build.0 = Debug|Any CPU
		{E2748E2C-A3DD-43E1-82D7-AD18E70157F6}.Release|Any CPU.ActiveCfg = Release|Any CPU
		{E2748E2C-A3DD-43E1-82D7-AD18E70157F6}.Release|Any CPU.Build.0 = Release|Any CPU
		{E2748E2C-A3DD-43E1-82D7-AD18E70157F6}.Release|x64.ActiveCfg = Release|Any CPU
		{E2748E2C-A3DD-43E1-82D7-AD18E70157F6}.Release|x64.Build.0 = Release|Any CPU
		{E2748E2C-A3DD-43E1-82D7-AD18E70157F6}.Release|x86.ActiveCfg = Release|Any CPU
		{E2748E2C-A3DD-43E1-82D7-AD18E70157F6}.Release|x86.Build.0 = Release|Any CPU
		{DF1BE8DA-3894-43DE-9A0E-48DF8E069DC0}.Debug|Any CPU.ActiveCfg = Debug|Any CPU
		{DF1BE8DA-3894-43DE-9A0E-48DF8E069DC0}.Debug|Any CPU.Build.0 = Debug|Any CPU
		{DF1BE8DA-3894-43DE-9A0E-48DF8E069DC0}.Debug|x64.ActiveCfg = Debug|Any CPU
		{DF1BE8DA-3894-43DE-9A0E-48DF8E069DC0}.Debug|x64.Build.0 = Debug|Any CPU
		{DF1BE8DA-3894-43DE-9A0E-48DF8E069DC0}.Debug|x86.ActiveCfg = Debug|Any CPU
		{DF1BE8DA-3894-43DE-9A0E-48DF8E069DC0}.Debug|x86.Build.0 = Debug|Any CPU
		{DF1BE8DA-3894-43DE-9A0E-48DF8E069DC0}.Release|Any CPU.ActiveCfg = Release|Any CPU
		{DF1BE8DA-3894-43DE-9A0E-48DF8E069DC0}.Release|Any CPU.Build.0 = Release|Any CPU
		{DF1BE8DA-3894-43DE-9A0E-48DF8E069DC0}.Release|x64.ActiveCfg = Release|Any CPU
		{DF1BE8DA-3894-43DE-9A0E-48DF8E069DC0}.Release|x64.Build.0 = Release|Any CPU
		{DF1BE8DA-3894-43DE-9A0E-48DF8E069DC0}.Release|x86.ActiveCfg = Release|Any CPU
		{DF1BE8DA-3894-43DE-9A0E-48DF8E069DC0}.Release|x86.Build.0 = Release|Any CPU
		{DEB94AC0-A00F-4877-91E1-0387C5D9AEC6}.Debug|Any CPU.ActiveCfg = Debug|Any CPU
		{DEB94AC0-A00F-4877-91E1-0387C5D9AEC6}.Debug|Any CPU.Build.0 = Debug|Any CPU
		{DEB94AC0-A00F-4877-91E1-0387C5D9AEC6}.Debug|x64.ActiveCfg = Debug|Any CPU
		{DEB94AC0-A00F-4877-91E1-0387C5D9AEC6}.Debug|x64.Build.0 = Debug|Any CPU
		{DEB94AC0-A00F-4877-91E1-0387C5D9AEC6}.Debug|x86.ActiveCfg = Debug|Any CPU
		{DEB94AC0-A00F-4877-91E1-0387C5D9AEC6}.Debug|x86.Build.0 = Debug|Any CPU
		{DEB94AC0-A00F-4877-91E1-0387C5D9AEC6}.Release|Any CPU.ActiveCfg = Release|Any CPU
		{DEB94AC0-A00F-4877-91E1-0387C5D9AEC6}.Release|Any CPU.Build.0 = Release|Any CPU
		{DEB94AC0-A00F-4877-91E1-0387C5D9AEC6}.Release|x64.ActiveCfg = Release|Any CPU
		{DEB94AC0-A00F-4877-91E1-0387C5D9AEC6}.Release|x64.Build.0 = Release|Any CPU
		{DEB94AC0-A00F-4877-91E1-0387C5D9AEC6}.Release|x86.ActiveCfg = Release|Any CPU
		{DEB94AC0-A00F-4877-91E1-0387C5D9AEC6}.Release|x86.Build.0 = Release|Any CPU
		{CEBB5CF9-BEEC-440A-877B-9C5604A502ED}.Debug|Any CPU.ActiveCfg = Debug|Any CPU
		{CEBB5CF9-BEEC-440A-877B-9C5604A502ED}.Debug|Any CPU.Build.0 = Debug|Any CPU
		{CEBB5CF9-BEEC-440A-877B-9C5604A502ED}.Debug|x64.ActiveCfg = Debug|Any CPU
		{CEBB5CF9-BEEC-440A-877B-9C5604A502ED}.Debug|x64.Build.0 = Debug|Any CPU
		{CEBB5CF9-BEEC-440A-877B-9C5604A502ED}.Debug|x86.ActiveCfg = Debug|Any CPU
		{CEBB5CF9-BEEC-440A-877B-9C5604A502ED}.Debug|x86.Build.0 = Debug|Any CPU
		{CEBB5CF9-BEEC-440A-877B-9C5604A502ED}.Release|Any CPU.ActiveCfg = Release|Any CPU
		{CEBB5CF9-BEEC-440A-877B-9C5604A502ED}.Release|Any CPU.Build.0 = Release|Any CPU
		{CEBB5CF9-BEEC-440A-877B-9C5604A502ED}.Release|x64.ActiveCfg = Release|Any CPU
		{CEBB5CF9-BEEC-440A-877B-9C5604A502ED}.Release|x64.Build.0 = Release|Any CPU
		{CEBB5CF9-BEEC-440A-877B-9C5604A502ED}.Release|x86.ActiveCfg = Release|Any CPU
		{CEBB5CF9-BEEC-440A-877B-9C5604A502ED}.Release|x86.Build.0 = Release|Any CPU
	EndGlobalSection
	GlobalSection(SolutionProperties) = preSolution
		HideSolutionNode = FALSE
	EndGlobalSection
	GlobalSection(NestedProjects) = preSolution
		{8D626EA8-CB54-BC41-363A-217881BEBA6E} = {827E0CD3-B72D-47B6-A68D-7590B98EB39B}
		{41EEAC9D-097A-4933-83FB-BEDF84F03DDB} = {8D626EA8-CB54-BC41-363A-217881BEBA6E}
		{E2748E2C-A3DD-43E1-82D7-AD18E70157F6} = {8D626EA8-CB54-BC41-363A-217881BEBA6E}
		{DF1BE8DA-3894-43DE-9A0E-48DF8E069DC0} = {8D626EA8-CB54-BC41-363A-217881BEBA6E}
		{DEB94AC0-A00F-4877-91E1-0387C5D9AEC6} = {8D626EA8-CB54-BC41-363A-217881BEBA6E}
		{CEBB5CF9-BEEC-440A-877B-9C5604A502ED} = {8D626EA8-CB54-BC41-363A-217881BEBA6E}
	EndGlobalSection
EndGlobal
